schema: '2.0'
stages:
  prepare:
    cmd: python -m zilch_interview.prepare --train_data data/external/train.csv --test_data
      data/external/test.csv --validation_data data/external/validation.csv --remove_outlier_factor
      2.5
    deps:
    - path: data/external/test.csv
      hash: md5
      md5: 3c3b732aec9d30eef36f7280bc8848ec
      size: 11864995
    - path: data/external/train.csv
      hash: md5
      md5: c64a31ebcfb3c76b7645a67aaf2f2e98
      size: 46909142
    - path: data/external/validation.csv
      hash: md5
      md5: 814c42dccfe0a7b317ee19e90ce310e1
      size: 11700912
    - path: zilch_interview/prepare.py
      hash: md5
      md5: 0fb3a1852997a84c0d54b5ceff8b0c22
      size: 5881
    params:
      params.yaml:
        prepare.remove_outlier_factor: 2.5
    outs:
    - path: data/cleaned/test.pkl
      hash: md5
      md5: ac5968d1fce294695a4dcf0ebbefb49b
      size: 5352238
    - path: data/cleaned/train.pkl
      hash: md5
      md5: 3f0e060a1df383595e32b8d73dbbd087
      size: 21403793
    - path: data/cleaned/validation.pkl
      hash: md5
      md5: 8c16d119e98b73577c6aa99e306e166c
      size: 5153311
  train:
    cmd: python -m zilch_interview.train --train_data data/cleaned/train.pkl
    deps:
    - path: data/cleaned/train.pkl
      hash: md5
      md5: 3f0e060a1df383595e32b8d73dbbd087
      size: 21403793
    - path: zilch_interview/train.py
      hash: md5
      md5: 5b0105f89cc11747becaea8a05ff772a
      size: 2063
    params:
      params.yaml:
        train.model: CatBoostRegressor
        train.model_params:
          learning_rate: 0.1
          iterations: 1000
          depth: 6
          l2_leaf_reg: 3
          border_count: 254
          random_seed: 42
    outs:
    - path: models/catboost_model.pkl
      hash: md5
      md5: b9bcd7ad65d134b67d955451e0a4e4ed
      size: 1122460
  evaluate:
    cmd: python -m zilch_interview.evaluate --model models/catboost_model.pkl --train_data
      data/cleaned/train.pkl --test_data data/cleaned/test.pkl --validation_data data/cleaned/validation.pkl
    deps:
    - path: data/cleaned/test.pkl
      hash: md5
      md5: ac5968d1fce294695a4dcf0ebbefb49b
      size: 5352238
    - path: data/cleaned/train.pkl
      hash: md5
      md5: 3f0e060a1df383595e32b8d73dbbd087
      size: 21403793
    - path: models/catboost_model.pkl
      hash: md5
      md5: b9bcd7ad65d134b67d955451e0a4e4ed
      size: 1122460
    - path: zilch_interview/evaluate.py
      hash: md5
      md5: 3eb6a08b7b0771d17fbab2756339a6ff
      size: 3198
    outs:
    - path: data/scored/test.pkl
      hash: md5
      md5: 75f8019c9673189698099fd356ac6989
      size: 6752591
    - path: data/scored/train.pkl
      hash: md5
      md5: 1b370fd0f6dbe668aef2a5a9197f3795
      size: 27004577
    - path: data/scored/validation.pkl
      hash: md5
      md5: df44ce8f5acb95b2fc77f5181d8b42a9
      size: 6552493
